
Microsoft Visual Studio Solution File, Format Version 12.00
# Visual Studio 14
VisualStudioVersion = 14.0.24720.0
MinimumVisualStudioVersion = 10.0.40219.1
Project("{FAE04EC0-301F-11D3-BF4B-00C04F79EFBC}") = "tlf", "tlf.csproj", "{862856D6-689F-45E3-AE45-7F945B668C00}"
EndProject
Project("{FAE04EC0-301F-11D3-BF4B-00C04F79EFBC}") = "tlfTests", "tlfTests\tlfTests.csproj", "{CC3DA5C3-6B5B-46F7-A6E2-A973A3BBB73B}"
EndProject
Global
	GlobalSection(SolutionConfigurationPlatforms) = preSolution
		Debug|Any CPU = Debug|Any CPU
		Release|Any CPU = Release|Any CPU
	EndGlobalSection
	GlobalSection(ProjectConfigurationPlatforms) = postSolution
		{862856D6-689F-45E3-AE45-7F945B668C00}.Debug|Any CPU.ActiveCfg = Debug|Any CPU
		{862856D6-689F-45E3-AE45-7F945B668C00}.Debug|Any CPU.Build.0 = Debug|Any CPU
		{862856D6-689F-45E3-AE45-7F945B668C00}.Release|Any CPU.ActiveCfg = Release|Any CPU
		{862856D6-689F-45E3-AE45-7F945B668C00}.Release|Any CPU.Build.0 = Release|Any CPU
		{CC3DA5C3-6B5B-46F7-A6E2-A973A3BBB73B}.Debug|Any CPU.ActiveCfg = Debug|Any CPU
		{CC3DA5C3-6B5B-46F7-A6E2-A973A3BBB73B}.Debug|Any CPU.Build.0 = Debug|Any CPU
		{CC3DA5C3-6B5B-46F7-A6E2-A973A3BBB73B}.Release|Any CPU.ActiveCfg = Release|Any CPU
		{CC3DA5C3-6B5B-46F7-A6E2-A973A3BBB73B}.Release|Any CPU.Build.0 = Release|Any CPU
	EndGlobalSection
	GlobalSection(SolutionProperties) = preSolution
		HideSolutionNode = FALSE
	EndGlobalSection
EndGlobal
